
Microsoft Visual Studio Solution File, Format Version 12.00
# Visual Studio Version 16
VisualStudioVersion = 16.0.30804.86
MinimumVisualStudioVersion = 10.0.40219.1
Project("{8BC9CEB8-8B4A-11D0-8D11-00A0C91BC942}") = "Threads Intro", "Threads Intro.vcxproj", "{4319EA10-D35B-48E7-B0D7-9B797D478F20}"
EndProject
Global
	GlobalSection(SolutionConfigurationPlatforms) = preSolution
		Debug|x64 = Debug|x64
		Debug|x86 = Debug|x86
		Release|x64 = Release|x64
		Release|x86 = Release|x86
	EndGlobalSection
	GlobalSection(ProjectConfigurationPlatforms) = postSolution
		{4319EA10-D35B-48E7-B0D7-9B797D478F20}.Debug|x64.ActiveCfg = Debug|x64
		{4319EA10-D35B-48E7-B0D7-9B797D478F20}.Debug|x64.Build.0 = Debug|x64
		{4319EA10-D35B-48E7-B0D7-9B797D478F20}.Debug|x86.ActiveCfg = Debug|Win32
		{4319EA10-D35B-48E7-B0D7-9B797D478F20}.Debug|x86.Build.0 = Debug|Win32
		{4319EA10-D35B-48E7-B0D7-9B797D478F20}.Release|x64.ActiveCfg = Release|x64
		{4319EA10-D35B-48E7-B0D7-9B797D478F20}.Release|x64.Build.0 = Release|x64
		{4319EA10-D35B-48E7-B0D7-9B797D478F20}.Release|x86.ActiveCfg = Release|Win32
		{4319EA10-D35B-48E7-B0D7-9B797D478F20}.Release|x86.Build.0 = Release|Win32
	EndGlobalSection
	GlobalSection(SolutionProperties) = preSolution
		HideSolutionNode = FALSE
	EndGlobalSection
	GlobalSection(ExtensibilityGlobals) = postSolution
		SolutionGuid = {240FE7CA-14CC-48CF-BDA3-CB043F25141B}
	EndGlobalSection
EndGlobal
